// !$*UTF8*$!
{
	archiveVersion = 1;
	classes = {
	};
	objectVersion = 56;
	objects = {

/* Begin PBXBuildFile section */
		1814E92A28E4946A00B1FCBF /* AppDelegate.swift in Sources */ = {isa = PBXBuildFile; fileRef = 1814E92928E4946A00B1FCBF /* AppDelegate.swift */; };
		1814E92C28E4946A00B1FCBF /* SceneDelegate.swift in Sources */ = {isa = PBXBuildFile; fileRef = 1814E92B28E4946A00B1FCBF /* SceneDelegate.swift */; };
		1814E93128E4946A00B1FCBF /* Main.storyboard in Resources */ = {isa = PBXBuildFile; fileRef = 1814E92F28E4946A00B1FCBF /* Main.storyboard */; };
		1814E93328E4946C00B1FCBF /* Assets.xcassets in Resources */ = {isa = PBXBuildFile; fileRef = 1814E93228E4946C00B1FCBF /* Assets.xcassets */; };
		1814E93628E4946C00B1FCBF /* LaunchScreen.storyboard in Resources */ = {isa = PBXBuildFile; fileRef = 1814E93428E4946C00B1FCBF /* LaunchScreen.storyboard */; };
		1814E94128E4946C00B1FCBF /* PhotosAssessmentTests.swift in Sources */ = {isa = PBXBuildFile; fileRef = 1814E94028E4946C00B1FCBF /* PhotosAssessmentTests.swift */; };
		1814E94B28E4946C00B1FCBF /* PhotosAssessmentUITests.swift in Sources */ = {isa = PBXBuildFile; fileRef = 1814E94A28E4946C00B1FCBF /* PhotosAssessmentUITests.swift */; };
		1814E94D28E4946C00B1FCBF /* PhotosAssessmentUITestsLaunchTests.swift in Sources */ = {isa = PBXBuildFile; fileRef = 1814E94C28E4946C00B1FCBF /* PhotosAssessmentUITestsLaunchTests.swift */; };
		1814E95B28E497A700B1FCBF /* PhotosCollectionViewController.swift in Sources */ = {isa = PBXBuildFile; fileRef = 1814E95A28E497A700B1FCBF /* PhotosCollectionViewController.swift */; };
		183C627928EB843F007D945F /* Localizable.strings in Resources */ = {isa = PBXBuildFile; fileRef = 183C627828EB843F007D945F /* Localizable.strings */; };
		183C627B28EB9453007D945F /* DIContainer.swift in Sources */ = {isa = PBXBuildFile; fileRef = 183C627A28EB9453007D945F /* DIContainer.swift */; };
		1857630F28E4B7BE00BC3FF6 /* PhotoCollectionViewCell.swift in Sources */ = {isa = PBXBuildFile; fileRef = 1857630E28E4B7BE00BC3FF6 /* PhotoCollectionViewCell.swift */; };
		1857631128E4B9E800BC3FF6 /* PhotosCollectionPresenter.swift in Sources */ = {isa = PBXBuildFile; fileRef = 1857631028E4B9E800BC3FF6 /* PhotosCollectionPresenter.swift */; };
		1857631428E4C14400BC3FF6 /* PhotosCollectionSection.swift in Sources */ = {isa = PBXBuildFile; fileRef = 1857631328E4C14400BC3FF6 /* PhotosCollectionSection.swift */; };
		1857631C28E5972700BC3FF6 /* PhotosService.swift in Sources */ = {isa = PBXBuildFile; fileRef = 1857631B28E5972700BC3FF6 /* PhotosService.swift */; };
		1857632528E5FE7E00BC3FF6 /* UIViewController+Ext.swift in Sources */ = {isa = PBXBuildFile; fileRef = 1857632428E5FE7E00BC3FF6 /* UIViewController+Ext.swift */; };
		18C90E5428E6E7C20065B368 /* UIView+Ext.swift in Sources */ = {isa = PBXBuildFile; fileRef = 18C90E5328E6E7C20065B368 /* UIView+Ext.swift */; };
		18C90E5628E7054B0065B368 /* SaliencyService.swift in Sources */ = {isa = PBXBuildFile; fileRef = 18C90E5528E7054B0065B368 /* SaliencyService.swift */; };
		18C90E5928E705B30065B368 /* DetailsViewController.swift in Sources */ = {isa = PBXBuildFile; fileRef = 18C90E5828E705B30065B368 /* DetailsViewController.swift */; };
		18C90E5B28E705C50065B368 /* DetailsPresenter.swift in Sources */ = {isa = PBXBuildFile; fileRef = 18C90E5A28E705C50065B368 /* DetailsPresenter.swift */; };
		18C90E5F28E7338F0065B368 /* AnimatableContentModeImageView.swift in Sources */ = {isa = PBXBuildFile; fileRef = 18C90E5E28E7338F0065B368 /* AnimatableContentModeImageView.swift */; };
		18C90E6228E792510065B368 /* SaliencyType.swift in Sources */ = {isa = PBXBuildFile; fileRef = 18C90E6128E792510065B368 /* SaliencyType.swift */; };
		18C90E6428EAE8CF0065B368 /* Constants.swift in Sources */ = {isa = PBXBuildFile; fileRef = 18C90E6328EAE8CF0065B368 /* Constants.swift */; };
/* End PBXBuildFile section */

/* Begin PBXContainerItemProxy section */
		1814E93D28E4946C00B1FCBF /* PBXContainerItemProxy */ = {
			isa = PBXContainerItemProxy;
			containerPortal = 1814E91E28E4946A00B1FCBF /* Project object */;
			proxyType = 1;
			remoteGlobalIDString = 1814E92528E4946A00B1FCBF;
			remoteInfo = PhotosAssessment;
		};
		1814E94728E4946C00B1FCBF /* PBXContainerItemProxy */ = {
			isa = PBXContainerItemProxy;
			containerPortal = 1814E91E28E4946A00B1FCBF /* Project object */;
			proxyType = 1;
			remoteGlobalIDString = 1814E92528E4946A00B1FCBF;
			remoteInfo = PhotosAssessment;
		};
/* End PBXContainerItemProxy section */

/* Begin PBXFileReference section */
		1814E92628E4946A00B1FCBF /* PhotosAssessment.app */ = {isa = PBXFileReference; explicitFileType = wrapper.application; includeInIndex = 0; path = PhotosAssessment.app; sourceTree = BUILT_PRODUCTS_DIR; };
		1814E92928E4946A00B1FCBF /* AppDelegate.swift */ = {isa = PBXFileReference; lastKnownFileType = sourcecode.swift; path = AppDelegate.swift; sourceTree = "<group>"; };
		1814E92B28E4946A00B1FCBF /* SceneDelegate.swift */ = {isa = PBXFileReference; lastKnownFileType = sourcecode.swift; path = SceneDelegate.swift; sourceTree = "<group>"; };
		1814E93028E4946A00B1FCBF /* Base */ = {isa = PBXFileReference; lastKnownFileType = file.storyboard; name = Base; path = Base.lproj/Main.storyboard; sourceTree = "<group>"; };
		1814E93228E4946C00B1FCBF /* Assets.xcassets */ = {isa = PBXFileReference; lastKnownFileType = folder.assetcatalog; path = Assets.xcassets; sourceTree = "<group>"; };
		1814E93528E4946C00B1FCBF /* Base */ = {isa = PBXFileReference; lastKnownFileType = file.storyboard; name = Base; path = Base.lproj/LaunchScreen.storyboard; sourceTree = "<group>"; };
		1814E93728E4946C00B1FCBF /* Info.plist */ = {isa = PBXFileReference; lastKnownFileType = text.plist.xml; path = Info.plist; sourceTree = "<group>"; };
		1814E93C28E4946C00B1FCBF /* PhotosAssessmentTests.xctest */ = {isa = PBXFileReference; explicitFileType = wrapper.cfbundle; includeInIndex = 0; path = PhotosAssessmentTests.xctest; sourceTree = BUILT_PRODUCTS_DIR; };
		1814E94028E4946C00B1FCBF /* PhotosAssessmentTests.swift */ = {isa = PBXFileReference; lastKnownFileType = sourcecode.swift; path = PhotosAssessmentTests.swift; sourceTree = "<group>"; };
		1814E94628E4946C00B1FCBF /* PhotosAssessmentUITests.xctest */ = {isa = PBXFileReference; explicitFileType = wrapper.cfbundle; includeInIndex = 0; path = PhotosAssessmentUITests.xctest; sourceTree = BUILT_PRODUCTS_DIR; };
		1814E94A28E4946C00B1FCBF /* PhotosAssessmentUITests.swift */ = {isa = PBXFileReference; lastKnownFileType = sourcecode.swift; path = PhotosAssessmentUITests.swift; sourceTree = "<group>"; };
		1814E94C28E4946C00B1FCBF /* PhotosAssessmentUITestsLaunchTests.swift */ = {isa = PBXFileReference; lastKnownFileType = sourcecode.swift; path = PhotosAssessmentUITestsLaunchTests.swift; sourceTree = "<group>"; };
		1814E95A28E497A700B1FCBF /* PhotosCollectionViewController.swift */ = {isa = PBXFileReference; lastKnownFileType = sourcecode.swift; path = PhotosCollectionViewController.swift; sourceTree = "<group>"; };
		183C627828EB843F007D945F /* Localizable.strings */ = {isa = PBXFileReference; lastKnownFileType = text.plist.strings; path = Localizable.strings; sourceTree = "<group>"; };
		183C627A28EB9453007D945F /* DIContainer.swift */ = {isa = PBXFileReference; lastKnownFileType = sourcecode.swift; path = DIContainer.swift; sourceTree = "<group>"; };
		1857630E28E4B7BE00BC3FF6 /* PhotoCollectionViewCell.swift */ = {isa = PBXFileReference; lastKnownFileType = sourcecode.swift; path = PhotoCollectionViewCell.swift; sourceTree = "<group>"; };
		1857631028E4B9E800BC3FF6 /* PhotosCollectionPresenter.swift */ = {isa = PBXFileReference; lastKnownFileType = sourcecode.swift; path = PhotosCollectionPresenter.swift; sourceTree = "<group>"; };
		1857631328E4C14400BC3FF6 /* PhotosCollectionSection.swift */ = {isa = PBXFileReference; lastKnownFileType = sourcecode.swift; path = PhotosCollectionSection.swift; sourceTree = "<group>"; };
		1857631B28E5972700BC3FF6 /* PhotosService.swift */ = {isa = PBXFileReference; lastKnownFileType = sourcecode.swift; path = PhotosService.swift; sourceTree = "<group>"; };
		1857632428E5FE7E00BC3FF6 /* UIViewController+Ext.swift */ = {isa = PBXFileReference; lastKnownFileType = sourcecode.swift; path = "UIViewController+Ext.swift"; sourceTree = "<group>"; };
		18C90E5328E6E7C20065B368 /* UIView+Ext.swift */ = {isa = PBXFileReference; lastKnownFileType = sourcecode.swift; path = "UIView+Ext.swift"; sourceTree = "<group>"; };
		18C90E5528E7054B0065B368 /* SaliencyService.swift */ = {isa = PBXFileReference; lastKnownFileType = sourcecode.swift; path = SaliencyService.swift; sourceTree = "<group>"; };
		18C90E5828E705B30065B368 /* DetailsViewController.swift */ = {isa = PBXFileReference; lastKnownFileType = sourcecode.swift; path = DetailsViewController.swift; sourceTree = "<group>"; };
		18C90E5A28E705C50065B368 /* DetailsPresenter.swift */ = {isa = PBXFileReference; lastKnownFileType = sourcecode.swift; path = DetailsPresenter.swift; sourceTree = "<group>"; };
		18C90E5E28E7338F0065B368 /* AnimatableContentModeImageView.swift */ = {isa = PBXFileReference; lastKnownFileType = sourcecode.swift; path = AnimatableContentModeImageView.swift; sourceTree = "<group>"; };
		18C90E6128E792510065B368 /* SaliencyType.swift */ = {isa = PBXFileReference; lastKnownFileType = sourcecode.swift; path = SaliencyType.swift; sourceTree = "<group>"; };
		18C90E6328EAE8CF0065B368 /* Constants.swift */ = {isa = PBXFileReference; lastKnownFileType = sourcecode.swift; path = Constants.swift; sourceTree = "<group>"; };
/* End PBXFileReference section */

/* Begin PBXFrameworksBuildPhase section */
		1814E92328E4946A00B1FCBF /* Frameworks */ = {
			isa = PBXFrameworksBuildPhase;
			buildActionMask = 2147483647;
			files = (
			);
			runOnlyForDeploymentPostprocessing = 0;
		};
		1814E93928E4946C00B1FCBF /* Frameworks */ = {
			isa = PBXFrameworksBuildPhase;
			buildActionMask = 2147483647;
			files = (
			);
			runOnlyForDeploymentPostprocessing = 0;
		};
		1814E94328E4946C00B1FCBF /* Frameworks */ = {
			isa = PBXFrameworksBuildPhase;
			buildActionMask = 2147483647;
			files = (
			);
			runOnlyForDeploymentPostprocessing = 0;
		};
/* End PBXFrameworksBuildPhase section */

/* Begin PBXGroup section */
		1814E91D28E4946A00B1FCBF = {
			isa = PBXGroup;
			children = (
				1814E92828E4946A00B1FCBF /* PhotosAssessment */,
				1814E93F28E4946C00B1FCBF /* PhotosAssessmentTests */,
				1814E94928E4946C00B1FCBF /* PhotosAssessmentUITests */,
				1814E92728E4946A00B1FCBF /* Products */,
				ACE60176FB428413D02F0F23 /* Pods */,
			);
			sourceTree = "<group>";
		};
		1814E92728E4946A00B1FCBF /* Products */ = {
			isa = PBXGroup;
			children = (
				1814E92628E4946A00B1FCBF /* PhotosAssessment.app */,
				1814E93C28E4946C00B1FCBF /* PhotosAssessmentTests.xctest */,
				1814E94628E4946C00B1FCBF /* PhotosAssessmentUITests.xctest */,
			);
			name = Products;
			sourceTree = "<group>";
		};
		1814E92828E4946A00B1FCBF /* PhotosAssessment */ = {
			isa = PBXGroup;
			children = (
				18C90E6028E73B870065B368 /* Views */,
				1857631A28E5971700BC3FF6 /* Services */,
				1857631528E4C52D00BC3FF6 /* Models */,
				1814E95C28E4994E00B1FCBF /* Utilities */,
				1857631D28E59FEC00BC3FF6 /* Extensions */,
				1814E95928E4975C00B1FCBF /* Screens */,
				1814E92928E4946A00B1FCBF /* AppDelegate.swift */,
				1814E92B28E4946A00B1FCBF /* SceneDelegate.swift */,
				1814E92F28E4946A00B1FCBF /* Main.storyboard */,
				1814E93228E4946C00B1FCBF /* Assets.xcassets */,
				1814E93428E4946C00B1FCBF /* LaunchScreen.storyboard */,
				1814E93728E4946C00B1FCBF /* Info.plist */,
			);
			path = PhotosAssessment;
			sourceTree = "<group>";
		};
		1814E93F28E4946C00B1FCBF /* PhotosAssessmentTests */ = {
			isa = PBXGroup;
			children = (
				1814E94028E4946C00B1FCBF /* PhotosAssessmentTests.swift */,
			);
			path = PhotosAssessmentTests;
			sourceTree = "<group>";
		};
		1814E94928E4946C00B1FCBF /* PhotosAssessmentUITests */ = {
			isa = PBXGroup;
			children = (
				1814E94A28E4946C00B1FCBF /* PhotosAssessmentUITests.swift */,
				1814E94C28E4946C00B1FCBF /* PhotosAssessmentUITestsLaunchTests.swift */,
			);
			path = PhotosAssessmentUITests;
			sourceTree = "<group>";
		};
		1814E95928E4975C00B1FCBF /* Screens */ = {
			isa = PBXGroup;
			children = (
				1857630B28E4B77600BC3FF6 /* PhotosCollection */,
				18C90E5728E705880065B368 /* Details */,
			);
			path = Screens;
			sourceTree = "<group>";
		};
		1814E95C28E4994E00B1FCBF /* Utilities */ = {
			isa = PBXGroup;
			children = (
				18C90E6328EAE8CF0065B368 /* Constants.swift */,
				183C627828EB843F007D945F /* Localizable.strings */,
			);
			path = Utilities;
			sourceTree = "<group>";
		};
		1857630A28E4B77000BC3FF6 /* Cells */ = {
			isa = PBXGroup;
			children = (
				1857630E28E4B7BE00BC3FF6 /* PhotoCollectionViewCell.swift */,
			);
			path = Cells;
			sourceTree = "<group>";
		};
		1857630B28E4B77600BC3FF6 /* PhotosCollection */ = {
			isa = PBXGroup;
			children = (
				1857631228E4C13400BC3FF6 /* Models */,
				1857630A28E4B77000BC3FF6 /* Cells */,
				1814E95A28E497A700B1FCBF /* PhotosCollectionViewController.swift */,
				1857631028E4B9E800BC3FF6 /* PhotosCollectionPresenter.swift */,
			);
			path = PhotosCollection;
			sourceTree = "<group>";
		};
		1857631228E4C13400BC3FF6 /* Models */ = {
			isa = PBXGroup;
			children = (
				1857631328E4C14400BC3FF6 /* PhotosCollectionSection.swift */,
			);
			path = Models;
			sourceTree = "<group>";
		};
		1857631528E4C52D00BC3FF6 /* Models */ = {
			isa = PBXGroup;
			children = (
				18C90E6128E792510065B368 /* SaliencyType.swift */,
			);
			path = Models;
			sourceTree = "<group>";
		};
		1857631A28E5971700BC3FF6 /* Services */ = {
			isa = PBXGroup;
			children = (
				1857631B28E5972700BC3FF6 /* PhotosService.swift */,
				18C90E5528E7054B0065B368 /* SaliencyService.swift */,
				183C627A28EB9453007D945F /* DIContainer.swift */,
			);
			path = Services;
			sourceTree = "<group>";
		};
		1857631D28E59FEC00BC3FF6 /* Extensions */ = {
			isa = PBXGroup;
			children = (
				1857632428E5FE7E00BC3FF6 /* UIViewController+Ext.swift */,
				18C90E5328E6E7C20065B368 /* UIView+Ext.swift */,
			);
			path = Extensions;
			sourceTree = "<group>";
		};
		18C90E5728E705880065B368 /* Details */ = {
			isa = PBXGroup;
			children = (
				18C90E5828E705B30065B368 /* DetailsViewController.swift */,
				18C90E5A28E705C50065B368 /* DetailsPresenter.swift */,
			);
			path = Details;
			sourceTree = "<group>";
		};
		18C90E6028E73B870065B368 /* Views */ = {
			isa = PBXGroup;
			children = (
				18C90E5E28E7338F0065B368 /* AnimatableContentModeImageView.swift */,
			);
			path = Views;
			sourceTree = "<group>";
		};
		ACE60176FB428413D02F0F23 /* Pods */ = {
			isa = PBXGroup;
			children = (
			);
			path = Pods;
			sourceTree = "<group>";
		};
/* End PBXGroup section */

/* Begin PBXNativeTarget section */
		1814E92528E4946A00B1FCBF /* PhotosAssessment */ = {
			isa = PBXNativeTarget;
			buildConfigurationList = 1814E95028E4946C00B1FCBF /* Build configuration list for PBXNativeTarget "PhotosAssessment" */;
			buildPhases = (
				1814E92228E4946A00B1FCBF /* Sources */,
				1814E92328E4946A00B1FCBF /* Frameworks */,
				1814E92428E4946A00B1FCBF /* Resources */,
			);
			buildRules = (
			);
			dependencies = (
			);
			name = PhotosAssessment;
			productName = PhotosAssessment;
			productReference = 1814E92628E4946A00B1FCBF /* PhotosAssessment.app */;
			productType = "com.apple.product-type.application";
		};
		1814E93B28E4946C00B1FCBF /* PhotosAssessmentTests */ = {
			isa = PBXNativeTarget;
			buildConfigurationList = 1814E95328E4946C00B1FCBF /* Build configuration list for PBXNativeTarget "PhotosAssessmentTests" */;
			buildPhases = (
				1814E93828E4946C00B1FCBF /* Sources */,
				1814E93928E4946C00B1FCBF /* Frameworks */,
				1814E93A28E4946C00B1FCBF /* Resources */,
			);
			buildRules = (
			);
			dependencies = (
				1814E93E28E4946C00B1FCBF /* PBXTargetDependency */,
			);
			name = PhotosAssessmentTests;
			productName = PhotosAssessmentTests;
			productReference = 1814E93C28E4946C00B1FCBF /* PhotosAssessmentTests.xctest */;
			productType = "com.apple.product-type.bundle.unit-test";
		};
		1814E94528E4946C00B1FCBF /* PhotosAssessmentUITests */ = {
			isa = PBXNativeTarget;
			buildConfigurationList = 1814E95628E4946C00B1FCBF /* Build configuration list for PBXNativeTarget "PhotosAssessmentUITests" */;
			buildPhases = (
				1814E94228E4946C00B1FCBF /* Sources */,
				1814E94328E4946C00B1FCBF /* Frameworks */,
				1814E94428E4946C00B1FCBF /* Resources */,
			);
			buildRules = (
			);
			dependencies = (
				1814E94828E4946C00B1FCBF /* PBXTargetDependency */,
			);
			name = PhotosAssessmentUITests;
			productName = PhotosAssessmentUITests;
			productReference = 1814E94628E4946C00B1FCBF /* PhotosAssessmentUITests.xctest */;
			productType = "com.apple.product-type.bundle.ui-testing";
		};
/* End PBXNativeTarget section */

/* Begin PBXProject section */
		1814E91E28E4946A00B1FCBF /* Project object */ = {
			isa = PBXProject;
			attributes = {
				BuildIndependentTargetsInParallel = 1;
				LastSwiftUpdateCheck = 1400;
				LastUpgradeCheck = 1400;
				TargetAttributes = {
					1814E92528E4946A00B1FCBF = {
						CreatedOnToolsVersion = 14.0;
					};
					1814E93B28E4946C00B1FCBF = {
						CreatedOnToolsVersion = 14.0;
						TestTargetID = 1814E92528E4946A00B1FCBF;
					};
					1814E94528E4946C00B1FCBF = {
						CreatedOnToolsVersion = 14.0;
						TestTargetID = 1814E92528E4946A00B1FCBF;
					};
				};
			};
			buildConfigurationList = 1814E92128E4946A00B1FCBF /* Build configuration list for PBXProject "PhotosAssessment" */;
			compatibilityVersion = "Xcode 14.0";
			developmentRegion = en;
			hasScannedForEncodings = 0;
			knownRegions = (
				en,
				Base,
			);
			mainGroup = 1814E91D28E4946A00B1FCBF;
			productRefGroup = 1814E92728E4946A00B1FCBF /* Products */;
			projectDirPath = "";
			projectRoot = "";
			targets = (
				1814E92528E4946A00B1FCBF /* PhotosAssessment */,
				1814E93B28E4946C00B1FCBF /* PhotosAssessmentTests */,
				1814E94528E4946C00B1FCBF /* PhotosAssessmentUITests */,
			);
		};
/* End PBXProject section */

/* Begin PBXResourcesBuildPhase section */
		1814E92428E4946A00B1FCBF /* Resources */ = {
			isa = PBXResourcesBuildPhase;
			buildActionMask = 2147483647;
			files = (
				1814E93628E4946C00B1FCBF /* LaunchScreen.storyboard in Resources */,
				183C627928EB843F007D945F /* Localizable.strings in Resources */,
				1814E93328E4946C00B1FCBF /* Assets.xcassets in Resources */,
				1814E93128E4946A00B1FCBF /* Main.storyboard in Resources */,
			);
			runOnlyForDeploymentPostprocessing = 0;
		};
		1814E93A28E4946C00B1FCBF /* Resources */ = {
			isa = PBXResourcesBuildPhase;
			buildActionMask = 2147483647;
			files = (
			);
			runOnlyForDeploymentPostprocessing = 0;
		};
		1814E94428E4946C00B1FCBF /* Resources */ = {
			isa = PBXResourcesBuildPhase;
			buildActionMask = 2147483647;
			files = (
			);
			runOnlyForDeploymentPostprocessing = 0;
		};
/* End PBXResourcesBuildPhase section */

/* Begin PBXSourcesBuildPhase section */
		1814E92228E4946A00B1FCBF /* Sources */ = {
			isa = PBXSourcesBuildPhase;
			buildActionMask = 2147483647;
			files = (
				18C90E5428E6E7C20065B368 /* UIView+Ext.swift in Sources */,
				1814E92A28E4946A00B1FCBF /* AppDelegate.swift in Sources */,
				18C90E5F28E7338F0065B368 /* AnimatableContentModeImageView.swift in Sources */,
				18C90E5B28E705C50065B368 /* DetailsPresenter.swift in Sources */,
				1857632528E5FE7E00BC3FF6 /* UIViewController+Ext.swift in Sources */,
				183C627B28EB9453007D945F /* DIContainer.swift in Sources */,
				1814E92C28E4946A00B1FCBF /* SceneDelegate.swift in Sources */,
				1857631128E4B9E800BC3FF6 /* PhotosCollectionPresenter.swift in Sources */,
				1857631C28E5972700BC3FF6 /* PhotosService.swift in Sources */,
				18C90E6228E792510065B368 /* SaliencyType.swift in Sources */,
				1814E95B28E497A700B1FCBF /* PhotosCollectionViewController.swift in Sources */,
				1857631428E4C14400BC3FF6 /* PhotosCollectionSection.swift in Sources */,
				1857630F28E4B7BE00BC3FF6 /* PhotoCollectionViewCell.swift in Sources */,
				18C90E5928E705B30065B368 /* DetailsViewController.swift in Sources */,
				18C90E5628E7054B0065B368 /* SaliencyService.swift in Sources */,
				18C90E6428EAE8CF0065B368 /* Constants.swift in Sources */,
			);
			runOnlyForDeploymentPostprocessing = 0;
		};
		1814E93828E4946C00B1FCBF /* Sources */ = {
			isa = PBXSourcesBuildPhase;
			buildActionMask = 2147483647;
			files = (
				1814E94128E4946C00B1FCBF /* PhotosAssessmentTests.swift in Sources */,
			);
			runOnlyForDeploymentPostprocessing = 0;
		};
		1814E94228E4946C00B1FCBF /* Sources */ = {
			isa = PBXSourcesBuildPhase;
			buildActionMask = 2147483647;
			files = (
				1814E94B28E4946C00B1FCBF /* PhotosAssessmentUITests.swift in Sources */,
				1814E94D28E4946C00B1FCBF /* PhotosAssessmentUITestsLaunchTests.swift in Sources */,
			);
			runOnlyForDeploymentPostprocessing = 0;
		};
/* End PBXSourcesBuildPhase section */

/* Begin PBXTargetDependency section */
		1814E93E28E4946C00B1FCBF /* PBXTargetDependency */ = {
			isa = PBXTargetDependency;
			target = 1814E92528E4946A00B1FCBF /* PhotosAssessment */;
			targetProxy = 1814E93D28E4946C00B1FCBF /* PBXContainerItemProxy */;
		};
		1814E94828E4946C00B1FCBF /* PBXTargetDependency */ = {
			isa = PBXTargetDependency;
			target = 1814E92528E4946A00B1FCBF /* PhotosAssessment */;
			targetProxy = 1814E94728E4946C00B1FCBF /* PBXContainerItemProxy */;
		};
/* End PBXTargetDependency section */

/* Begin PBXVariantGroup section */
		1814E92F28E4946A00B1FCBF /* Main.storyboard */ = {
			isa = PBXVariantGroup;
			children = (
				1814E93028E4946A00B1FCBF /* Base */,
			);
			name = Main.storyboard;
			sourceTree = "<group>";
		};
		1814E93428E4946C00B1FCBF /* LaunchScreen.storyboard */ = {
			isa = PBXVariantGroup;
			children = (
				1814E93528E4946C00B1FCBF /* Base */,
			);
			name = LaunchScreen.storyboard;
			sourceTree = "<group>";
		};
/* End PBXVariantGroup section */

/* Begin XCBuildConfiguration section */
		1814E94E28E4946C00B1FCBF /* Debug */ = {
			isa = XCBuildConfiguration;
			buildSettings = {
				ALWAYS_SEARCH_USER_PATHS = NO;
				CLANG_ANALYZER_NONNULL = YES;
				CLANG_ANALYZER_NUMBER_OBJECT_CONVERSION = YES_AGGRESSIVE;
				CLANG_CXX_LANGUAGE_STANDARD = "gnu++20";
				CLANG_ENABLE_MODULES = YES;
				CLANG_ENABLE_OBJC_ARC = YES;
				CLANG_ENABLE_OBJC_WEAK = YES;
				CLANG_WARN_BLOCK_CAPTURE_AUTORELEASING = YES;
				CLANG_WARN_BOOL_CONVERSION = YES;
				CLANG_WARN_COMMA = YES;
				CLANG_WARN_CONSTANT_CONVERSION = YES;
				CLANG_WARN_DEPRECATED_OBJC_IMPLEMENTATIONS = YES;
				CLANG_WARN_DIRECT_OBJC_ISA_USAGE = YES_ERROR;
				CLANG_WARN_DOCUMENTATION_COMMENTS = YES;
				CLANG_WARN_EMPTY_BODY = YES;
				CLANG_WARN_ENUM_CONVERSION = YES;
				CLANG_WARN_INFINITE_RECURSION = YES;
				CLANG_WARN_INT_CONVERSION = YES;
				CLANG_WARN_NON_LITERAL_NULL_CONVERSION = YES;
				CLANG_WARN_OBJC_IMPLICIT_RETAIN_SELF = YES;
				CLANG_WARN_OBJC_LITERAL_CONVERSION = YES;
				CLANG_WARN_OBJC_ROOT_CLASS = YES_ERROR;
				CLANG_WARN_QUOTED_INCLUDE_IN_FRAMEWORK_HEADER = YES;
				CLANG_WARN_RANGE_LOOP_ANALYSIS = YES;
				CLANG_WARN_STRICT_PROTOTYPES = YES;
				CLANG_WARN_SUSPICIOUS_MOVE = YES;
				CLANG_WARN_UNGUARDED_AVAILABILITY = YES_AGGRESSIVE;
				CLANG_WARN_UNREACHABLE_CODE = YES;
				CLANG_WARN__DUPLICATE_METHOD_MATCH = YES;
				COPY_PHASE_STRIP = NO;
				DEBUG_INFORMATION_FORMAT = dwarf;
				ENABLE_STRICT_OBJC_MSGSEND = YES;
				ENABLE_TESTABILITY = YES;
				GCC_C_LANGUAGE_STANDARD = gnu11;
				GCC_DYNAMIC_NO_PIC = NO;
				GCC_NO_COMMON_BLOCKS = YES;
				GCC_OPTIMIZATION_LEVEL = 0;
				GCC_PREPROCESSOR_DEFINITIONS = (
					"DEBUG=1",
					"$(inherited)",
				);
				GCC_WARN_64_TO_32_BIT_CONVERSION = YES;
				GCC_WARN_ABOUT_RETURN_TYPE = YES_ERROR;
				GCC_WARN_UNDECLARED_SELECTOR = YES;
				GCC_WARN_UNINITIALIZED_AUTOS = YES_AGGRESSIVE;
				GCC_WARN_UNUSED_FUNCTION = YES;
				GCC_WARN_UNUSED_VARIABLE = YES;
				IPHONEOS_DEPLOYMENT_TARGET = 13.0;
				MTL_ENABLE_DEBUG_INFO = INCLUDE_SOURCE;
				MTL_FAST_MATH = YES;
				ONLY_ACTIVE_ARCH = YES;
				SDKROOT = iphoneos;
				SWIFT_ACTIVE_COMPILATION_CONDITIONS = DEBUG;
				SWIFT_OPTIMIZATION_LEVEL = "-Onone";
			};
			name = Debug;
		};
		1814E94F28E4946C00B1FCBF /* Release */ = {
			isa = XCBuildConfiguration;
			buildSettings = {
				ALWAYS_SEARCH_USER_PATHS = NO;
				CLANG_ANALYZER_NONNULL = YES;
				CLANG_ANALYZER_NUMBER_OBJECT_CONVERSION = YES_AGGRESSIVE;
				CLANG_CXX_LANGUAGE_STANDARD = "gnu++20";
				CLANG_ENABLE_MODULES = YES;
				CLANG_ENABLE_OBJC_ARC = YES;
				CLANG_ENABLE_OBJC_WEAK = YES;
				CLANG_WARN_BLOCK_CAPTURE_AUTORELEASING = YES;
				CLANG_WARN_BOOL_CONVERSION = YES;
				CLANG_WARN_COMMA = YES;
				CLANG_WARN_CONSTANT_CONVERSION = YES;
				CLANG_WARN_DEPRECATED_OBJC_IMPLEMENTATIONS = YES;
				CLANG_WARN_DIRECT_OBJC_ISA_USAGE = YES_ERROR;
				CLANG_WARN_DOCUMENTATION_COMMENTS = YES;
				CLANG_WARN_EMPTY_BODY = YES;
				CLANG_WARN_ENUM_CONVERSION = YES;
				CLANG_WARN_INFINITE_RECURSION = YES;
				CLANG_WARN_INT_CONVERSION = YES;
				CLANG_WARN_NON_LITERAL_NULL_CONVERSION = YES;
				CLANG_WARN_OBJC_IMPLICIT_RETAIN_SELF = YES;
				CLANG_WARN_OBJC_LITERAL_CONVERSION = YES;
				CLANG_WARN_OBJC_ROOT_CLASS = YES_ERROR;
				CLANG_WARN_QUOTED_INCLUDE_IN_FRAMEWORK_HEADER = YES;
				CLANG_WARN_RANGE_LOOP_ANALYSIS = YES;
				CLANG_WARN_STRICT_PROTOTYPES = YES;
				CLANG_WARN_SUSPICIOUS_MOVE = YES;
				CLANG_WARN_UNGUARDED_AVAILABILITY = YES_AGGRESSIVE;
				CLANG_WARN_UNREACHABLE_CODE = YES;
				CLANG_WARN__DUPLICATE_METHOD_MATCH = YES;
				COPY_PHASE_STRIP = NO;
				DEBUG_INFORMATION_FORMAT = "dwarf-with-dsym";
				ENABLE_NS_ASSERTIONS = NO;
				ENABLE_STRICT_OBJC_MSGSEND = YES;
				GCC_C_LANGUAGE_STANDARD = gnu11;
				GCC_NO_COMMON_BLOCKS = YES;
				GCC_WARN_64_TO_32_BIT_CONVERSION = YES;
				GCC_WARN_ABOUT_RETURN_TYPE = YES_ERROR;
				GCC_WARN_UNDECLARED_SELECTOR = YES;
				GCC_WARN_UNINITIALIZED_AUTOS = YES_AGGRESSIVE;
				GCC_WARN_UNUSED_FUNCTION = YES;
				GCC_WARN_UNUSED_VARIABLE = YES;
				IPHONEOS_DEPLOYMENT_TARGET = 13.0;
				MTL_ENABLE_DEBUG_INFO = NO;
				MTL_FAST_MATH = YES;
				SDKROOT = iphoneos;
				SWIFT_COMPILATION_MODE = wholemodule;
				SWIFT_OPTIMIZATION_LEVEL = "-O";
				VALIDATE_PRODUCT = YES;
			};
			name = Release;
		};
		1814E95128E4946C00B1FCBF /* Debug */ = {
			isa = XCBuildConfiguration;
			buildSettings = {
				ASSETCATALOG_COMPILER_APPICON_NAME = AppIcon;
				ASSETCATALOG_COMPILER_GLOBAL_ACCENT_COLOR_NAME = AccentColor;
				CODE_SIGN_IDENTITY = "Apple Development";
				CODE_SIGN_STYLE = Automatic;
				CURRENT_PROJECT_VERSION = 1;
				DEVELOPMENT_TEAM = 84DXJF9WZG;
				GENERATE_INFOPLIST_FILE = YES;
				INFOPLIST_FILE = PhotosAssessment/Info.plist;
				INFOPLIST_KEY_NSPhotoLibraryUsageDescription = "Allow access to your gallery ";
				INFOPLIST_KEY_UIApplicationSupportsIndirectInputEvents = YES;
				INFOPLIST_KEY_UILaunchStoryboardName = LaunchScreen;
				INFOPLIST_KEY_UIMainStoryboardFile = Main;
				INFOPLIST_KEY_UISupportedInterfaceOrientations_iPad = "UIInterfaceOrientationPortrait UIInterfaceOrientationPortraitUpsideDown UIInterfaceOrientationLandscapeLeft UIInterfaceOrientationLandscapeRight";
				INFOPLIST_KEY_UISupportedInterfaceOrientations_iPhone = "UIInterfaceOrientationPortrait UIInterfaceOrientationLandscapeLeft UIInterfaceOrientationLandscapeRight";
				LD_RUNPATH_SEARCH_PATHS = (
					"$(inherited)",
					"@executable_path/Frameworks",
				);
				MARKETING_VERSION = 1.0;
				PRODUCT_BUNDLE_IDENTIFIER = huracheuskaya.PhotosAssessment;
				PRODUCT_NAME = "$(TARGET_NAME)";
				PROVISIONING_PROFILE_SPECIFIER = "";
				SWIFT_EMIT_LOC_STRINGS = YES;
				SWIFT_VERSION = 5.0;
				TARGETED_DEVICE_FAMILY = "1,2";
			};
			name = Debug;
		};
		1814E95228E4946C00B1FCBF /* Release */ = {
			isa = XCBuildConfiguration;
			buildSettings = {
				ASSETCATALOG_COMPILER_APPICON_NAME = AppIcon;
				ASSETCATALOG_COMPILER_GLOBAL_ACCENT_COLOR_NAME = AccentColor;
				CODE_SIGN_IDENTITY = "Apple Development";
				CODE_SIGN_STYLE = Automatic;
				CURRENT_PROJECT_VERSION = 1;
				DEVELOPMENT_TEAM = 84DXJF9WZG;
				GENERATE_INFOPLIST_FILE = YES;
				INFOPLIST_FILE = PhotosAssessment/Info.plist;
				INFOPLIST_KEY_NSPhotoLibraryUsageDescription = "Allow access to your gallery ";
				INFOPLIST_KEY_UIApplicationSupportsIndirectInputEvents = YES;
				INFOPLIST_KEY_UILaunchStoryboardName = LaunchScreen;
				INFOPLIST_KEY_UIMainStoryboardFile = Main;
				INFOPLIST_KEY_UISupportedInterfaceOrientations_iPad = "UIInterfaceOrientationPortrait UIInterfaceOrientationPortraitUpsideDown UIInterfaceOrientationLandscapeLeft UIInterfaceOrientationLandscapeRight";
				INFOPLIST_KEY_UISupportedInterfaceOrientations_iPhone = "UIInterfaceOrientationPortrait UIInterfaceOrientationLandscapeLeft UIInterfaceOrientationLandscapeRight";
				LD_RUNPATH_SEARCH_PATHS = (
					"$(inherited)",
					"@executable_path/Frameworks",
				);
				MARKETING_VERSION = 1.0;
				PRODUCT_BUNDLE_IDENTIFIER = huracheuskaya.PhotosAssessment;
				PRODUCT_NAME = "$(TARGET_NAME)";
				PROVISIONING_PROFILE_SPECIFIER = "";
				SWIFT_EMIT_LOC_STRINGS = YES;
				SWIFT_VERSION = 5.0;
				TARGETED_DEVICE_FAMILY = "1,2";
			};
			name = Release;
		};
		1814E95428E4946C00B1FCBF /* Debug */ = {
			isa = XCBuildConfiguration;
			buildSettings = {
				ALWAYS_EMBED_SWIFT_STANDARD_LIBRARIES = YES;
				BUNDLE_LOADER = "$(TEST_HOST)";
				CODE_SIGN_STYLE = Automatic;
				CURRENT_PROJECT_VERSION = 1;
				DEVELOPMENT_TEAM = 7WHGP9VV36;
				GENERATE_INFOPLIST_FILE = YES;
				IPHONEOS_DEPLOYMENT_TARGET = 13.0;
				MARKETING_VERSION = 1.0;
				PRODUCT_BUNDLE_IDENTIFIER = huracheuskaya.PhotosAssessmentTests;
				PRODUCT_NAME = "$(TARGET_NAME)";
				SWIFT_EMIT_LOC_STRINGS = NO;
				SWIFT_VERSION = 5.0;
				TARGETED_DEVICE_FAMILY = "1,2";
				TEST_HOST = "$(BUILT_PRODUCTS_DIR)/PhotosAssessment.app/$(BUNDLE_EXECUTABLE_FOLDER_PATH)/PhotosAssessment";
			};
			name = Debug;
		};
		1814E95528E4946C00B1FCBF /* Release */ = {
			isa = XCBuildConfiguration;
			buildSettings = {
				ALWAYS_EMBED_SWIFT_STANDARD_LIBRARIES = YES;
				BUNDLE_LOADER = "$(TEST_HOST)";
				CODE_SIGN_STYLE = Automatic;
				CURRENT_PROJECT_VERSION = 1;
				DEVELOPMENT_TEAM = 7WHGP9VV36;
				GENERATE_INFOPLIST_FILE = YES;
				IPHONEOS_DEPLOYMENT_TARGET = 13.0;
				MARKETING_VERSION = 1.0;
				PRODUCT_BUNDLE_IDENTIFIER = huracheuskaya.PhotosAssessmentTests;
				PRODUCT_NAME = "$(TARGET_NAME)";
				SWIFT_EMIT_LOC_STRINGS = NO;
				SWIFT_VERSION = 5.0;
				TARGETED_DEVICE_FAMILY = "1,2";
				TEST_HOST = "$(BUILT_PRODUCTS_DIR)/PhotosAssessment.app/$(BUNDLE_EXECUTABLE_FOLDER_PATH)/PhotosAssessment";
			};
			name = Release;
		};
		1814E95728E4946C00B1FCBF /* Debug */ = {
			isa = XCBuildConfiguration;
			buildSettings = {
				ALWAYS_EMBED_SWIFT_STANDARD_LIBRARIES = YES;
				CODE_SIGN_STYLE = Automatic;
				CURRENT_PROJECT_VERSION = 1;
				DEVELOPMENT_TEAM = 7WHGP9VV36;
				GENERATE_INFOPLIST_FILE = YES;
				MARKETING_VERSION = 1.0;
				PRODUCT_BUNDLE_IDENTIFIER = huracheuskaya.PhotosAssessmentUITests;
				PRODUCT_NAME = "$(TARGET_NAME)";
				SWIFT_EMIT_LOC_STRINGS = NO;
				SWIFT_VERSION = 5.0;
				TARGETED_DEVICE_FAMILY = "1,2";
				TEST_TARGET_NAME = PhotosAssessment;
			};
			name = Debug;
		};
		1814E95828E4946C00B1FCBF /* Release */ = {
			isa = XCBuildConfiguration;
			buildSettings = {
				ALWAYS_EMBED_SWIFT_STANDARD_LIBRARIES = YES;
				CODE_SIGN_STYLE = Automatic;
				CURRENT_PROJECT_VERSION = 1;
				DEVELOPMENT_TEAM = 7WHGP9VV36;
				GENERATE_INFOPLIST_FILE = YES;
				MARKETING_VERSION = 1.0;
				PRODUCT_BUNDLE_IDENTIFIER = huracheuskaya.PhotosAssessmentUITests;
				PRODUCT_NAME = "$(TARGET_NAME)";
				SWIFT_EMIT_LOC_STRINGS = NO;
				SWIFT_VERSION = 5.0;
				TARGETED_DEVICE_FAMILY = "1,2";
				TEST_TARGET_NAME = PhotosAssessment;
			};
			name = Release;
		};
/* End XCBuildConfiguration section */

/* Begin XCConfigurationList section */
		1814E92128E4946A00B1FCBF /* Build configuration list for PBXProject "PhotosAssessment" */ = {
			isa = XCConfigurationList;
			buildConfigurations = (
				1814E94E28E4946C00B1FCBF /* Debug */,
				1814E94F28E4946C00B1FCBF /* Release */,
			);
			defaultConfigurationIsVisible = 0;
			defaultConfigurationName = Release;
		};
		1814E95028E4946C00B1FCBF /* Build configuration list for PBXNativeTarget "PhotosAssessment" */ = {
			isa = XCConfigurationList;
			buildConfigurations = (
				1814E95128E4946C00B1FCBF /* Debug */,
				1814E95228E4946C00B1FCBF /* Release */,
			);
			defaultConfigurationIsVisible = 0;
			defaultConfigurationName = Release;
		};
		1814E95328E4946C00B1FCBF /* Build configuration list for PBXNativeTarget "PhotosAssessmentTests" */ = {
			isa = XCConfigurationList;
			buildConfigurations = (
				1814E95428E4946C00B1FCBF /* Debug */,
				1814E95528E4946C00B1FCBF /* Release */,
			);
			defaultConfigurationIsVisible = 0;
			defaultConfigurationName = Release;
		};
		1814E95628E4946C00B1FCBF /* Build configuration list for PBXNativeTarget "PhotosAssessmentUITests" */ = {
			isa = XCConfigurationList;
			buildConfigurations = (
				1814E95728E4946C00B1FCBF /* Debug */,
				1814E95828E4946C00B1FCBF /* Release */,
			);
			defaultConfigurationIsVisible = 0;
			defaultConfigurationName = Release;
		};
/* End XCConfigurationList section */
	};
	rootObject = 1814E91E28E4946A00B1FCBF /* Project object */;
}
